// !$*UTF8*$!
{
	archiveVersion = 1;
	classes = {
	};
	objectVersion = 46;
	objects = {

/* Begin PBXBuildFile section */
		B14D61CE1B1836C2004D686D /* QuestionGroup.swift in Sources */ = {isa = PBXBuildFile; fileRef = B14D61CD1B1836C2004D686D /* QuestionGroup.swift */; };
		B1D01BBE1B1475B500AAAC80 /* AppDelegate.swift in Sources */ = {isa = PBXBuildFile; fileRef = B1D01BBD1B1475B500AAAC80 /* AppDelegate.swift */; };
		B1D01BC01B1475B500AAAC80 /* ViewController.swift in Sources */ = {isa = PBXBuildFile; fileRef = B1D01BBF1B1475B500AAAC80 /* ViewController.swift */; };
		B1D01BC31B1475B500AAAC80 /* Main.storyboard in Resources */ = {isa = PBXBuildFile; fileRef = B1D01BC11B1475B500AAAC80 /* Main.storyboard */; };
		B1D01BC51B1475B500AAAC80 /* Images.xcassets in Resources */ = {isa = PBXBuildFile; fileRef = B1D01BC41B1475B500AAAC80 /* Images.xcassets */; };
		B1D01BC81B1475B500AAAC80 /* LaunchScreen.xib in Resources */ = {isa = PBXBuildFile; fileRef = B1D01BC61B1475B500AAAC80 /* LaunchScreen.xib */; };
		B1D01BD41B1475B500AAAC80 /* HamburgerMenuTests.swift in Sources */ = {isa = PBXBuildFile; fileRef = B1D01BD31B1475B500AAAC80 /* HamburgerMenuTests.swift */; };
		B1D01BE41B158F1100AAAC80 /* MainViewController.swift in Sources */ = {isa = PBXBuildFile; fileRef = B1D01BE31B158F1100AAAC80 /* MainViewController.swift */; };
		B1D01BE61B158F2300AAAC80 /* TableViewController.swift in Sources */ = {isa = PBXBuildFile; fileRef = B1D01BE51B158F2300AAAC80 /* TableViewController.swift */; };
		B1D01BE81B158F4500AAAC80 /* TableViewCell.swift in Sources */ = {isa = PBXBuildFile; fileRef = B1D01BE71B158F4500AAAC80 /* TableViewCell.swift */; };
		B1F607C81B20501C00CE05CD /* SlideMenuViewController.swift in Sources */ = {isa = PBXBuildFile; fileRef = B1F607C71B20501C00CE05CD /* SlideMenuViewController.swift */; };
/* End PBXBuildFile section */

/* Begin PBXContainerItemProxy section */
		B1D01BCE1B1475B500AAAC80 /* PBXContainerItemProxy */ = {
			isa = PBXContainerItemProxy;
			containerPortal = B1D01BB01B1475B500AAAC80 /* Project object */;
			proxyType = 1;
			remoteGlobalIDString = B1D01BB71B1475B500AAAC80;
			remoteInfo = HamburgerMenu;
		};
/* End PBXContainerItemProxy section */

/* Begin PBXFileReference section */
		B14D61CD1B1836C2004D686D /* QuestionGroup.swift */ = {isa = PBXFileReference; fileEncoding = 4; lastKnownFileType = sourcecode.swift; path = QuestionGroup.swift; sourceTree = "<group>"; };
		B1D01BB81B1475B500AAAC80 /* HamburgerMenu.app */ = {isa = PBXFileReference; explicitFileType = wrapper.application; includeInIndex = 0; path = HamburgerMenu.app; sourceTree = BUILT_PRODUCTS_DIR; };
		B1D01BBC1B1475B500AAAC80 /* Info.plist */ = {isa = PBXFileReference; lastKnownFileType = text.plist.xml; path = Info.plist; sourceTree = "<group>"; };
		B1D01BBD1B1475B500AAAC80 /* AppDelegate.swift */ = {isa = PBXFileReference; lastKnownFileType = sourcecode.swift; path = AppDelegate.swift; sourceTree = "<group>"; };
		B1D01BBF1B1475B500AAAC80 /* ViewController.swift */ = {isa = PBXFileReference; lastKnownFileType = sourcecode.swift; path = ViewController.swift; sourceTree = "<group>"; };
		B1D01BC21B1475B500AAAC80 /* Base */ = {isa = PBXFileReference; lastKnownFileType = file.storyboard; name = Base; path = Base.lproj/Main.storyboard; sourceTree = "<group>"; };
		B1D01BC41B1475B500AAAC80 /* Images.xcassets */ = {isa = PBXFileReference; lastKnownFileType = folder.assetcatalog; path = Images.xcassets; sourceTree = "<group>"; };
		B1D01BC71B1475B500AAAC80 /* Base */ = {isa = PBXFileReference; lastKnownFileType = file.xib; name = Base; path = Base.lproj/LaunchScreen.xib; sourceTree = "<group>"; };
		B1D01BCD1B1475B500AAAC80 /* HamburgerMenuTests.xctest */ = {isa = PBXFileReference; explicitFileType = wrapper.cfbundle; includeInIndex = 0; path = HamburgerMenuTests.xctest; sourceTree = BUILT_PRODUCTS_DIR; };
		B1D01BD21B1475B500AAAC80 /* Info.plist */ = {isa = PBXFileReference; lastKnownFileType = text.plist.xml; path = Info.plist; sourceTree = "<group>"; };
		B1D01BD31B1475B500AAAC80 /* HamburgerMenuTests.swift */ = {isa = PBXFileReference; lastKnownFileType = sourcecode.swift; path = HamburgerMenuTests.swift; sourceTree = "<group>"; };
		B1D01BE31B158F1100AAAC80 /* MainViewController.swift */ = {isa = PBXFileReference; fileEncoding = 4; lastKnownFileType = sourcecode.swift; path = MainViewController.swift; sourceTree = "<group>"; };
		B1D01BE51B158F2300AAAC80 /* TableViewController.swift */ = {isa = PBXFileReference; fileEncoding = 4; lastKnownFileType = sourcecode.swift; path = TableViewController.swift; sourceTree = "<group>"; };
		B1D01BE71B158F4500AAAC80 /* TableViewCell.swift */ = {isa = PBXFileReference; fileEncoding = 4; lastKnownFileType = sourcecode.swift; path = TableViewCell.swift; sourceTree = "<group>"; };
		B1F607C71B20501C00CE05CD /* SlideMenuViewController.swift */ = {isa = PBXFileReference; fileEncoding = 4; lastKnownFileType = sourcecode.swift; path = SlideMenuViewController.swift; sourceTree = "<group>"; };
/* End PBXFileReference section */

/* Begin PBXFrameworksBuildPhase section */
		B1D01BB51B1475B500AAAC80 /* Frameworks */ = {
			isa = PBXFrameworksBuildPhase;
			buildActionMask = 2147483647;
			files = (
			);
			runOnlyForDeploymentPostprocessing = 0;
		};
		B1D01BCA1B1475B500AAAC80 /* Frameworks */ = {
			isa = PBXFrameworksBuildPhase;
			buildActionMask = 2147483647;
			files = (
			);
			runOnlyForDeploymentPostprocessing = 0;
		};
/* End PBXFrameworksBuildPhase section */

/* Begin PBXGroup section */
		B1D01BAF1B1475B500AAAC80 = {
			isa = PBXGroup;
			children = (
				B1D01BBA1B1475B500AAAC80 /* HamburgerMenu */,
				B1D01BD01B1475B500AAAC80 /* HamburgerMenuTests */,
				B1D01BB91B1475B500AAAC80 /* Products */,
			);
			sourceTree = "<group>";
		};
		B1D01BB91B1475B500AAAC80 /* Products */ = {
			isa = PBXGroup;
			children = (
				B1D01BB81B1475B500AAAC80 /* HamburgerMenu.app */,
				B1D01BCD1B1475B500AAAC80 /* HamburgerMenuTests.xctest */,
			);
			name = Products;
			sourceTree = "<group>";
		};
		B1D01BBA1B1475B500AAAC80 /* HamburgerMenu */ = {
			isa = PBXGroup;
			children = (
				B1F607C61B20501C00CE05CD /* HamburgerMenu */,
				B1D01BBF1B1475B500AAAC80 /* ViewController.swift */,
				B1D01BE51B158F2300AAAC80 /* TableViewController.swift */,
				B1D01BE71B158F4500AAAC80 /* TableViewCell.swift */,
				B1D01BE31B158F1100AAAC80 /* MainViewController.swift */,
				B1F607C91B20503E00CE05CD /* Model */,
				B1D01BC41B1475B500AAAC80 /* Images.xcassets */,
				B1D01BC61B1475B500AAAC80 /* LaunchScreen.xib */,
				B1D01BBB1B1475B500AAAC80 /* Supporting Files */,
			);
			path = HamburgerMenu;
			sourceTree = "<group>";
		};
		B1D01BBB1B1475B500AAAC80 /* Supporting Files */ = {
			isa = PBXGroup;
			children = (
				B1D01BC11B1475B500AAAC80 /* Main.storyboard */,
				B1D01BBD1B1475B500AAAC80 /* AppDelegate.swift */,
				B1D01BBC1B1475B500AAAC80 /* Info.plist */,
			);
			name = "Supporting Files";
			sourceTree = "<group>";
		};
		B1D01BD01B1475B500AAAC80 /* HamburgerMenuTests */ = {
			isa = PBXGroup;
			children = (
				B1D01BD31B1475B500AAAC80 /* HamburgerMenuTests.swift */,
				B1D01BD11B1475B500AAAC80 /* Supporting Files */,
			);
			path = HamburgerMenuTests;
			sourceTree = "<group>";
		};
		B1D01BD11B1475B500AAAC80 /* Supporting Files */ = {
			isa = PBXGroup;
			children = (
				B1D01BD21B1475B500AAAC80 /* Info.plist */,
			);
			name = "Supporting Files";
			sourceTree = "<group>";
		};
		B1F607C61B20501C00CE05CD /* HamburgerMenu */ = {
			isa = PBXGroup;
			children = (
				B1F607C71B20501C00CE05CD /* SlideMenuViewController.swift */,
			);
			path = HamburgerMenu;
			sourceTree = "<group>";
		};
		B1F607C91B20503E00CE05CD /* Model */ = {
			isa = PBXGroup;
			children = (
				B14D61CD1B1836C2004D686D /* QuestionGroup.swift */,
			);
			name = Model;
			sourceTree = "<group>";
		};
/* End PBXGroup section */

/* Begin PBXNativeTarget section */
		B1D01BB71B1475B500AAAC80 /* HamburgerMenu */ = {
			isa = PBXNativeTarget;
			buildConfigurationList = B1D01BD71B1475B500AAAC80 /* Build configuration list for PBXNativeTarget "HamburgerMenu" */;
			buildPhases = (
				B1D01BB41B1475B500AAAC80 /* Sources */,
				B1D01BB51B1475B500AAAC80 /* Frameworks */,
				B1D01BB61B1475B500AAAC80 /* Resources */,
			);
			buildRules = (
			);
			dependencies = (
			);
			name = HamburgerMenu;
			productName = HamburgerMenu;
			productReference = B1D01BB81B1475B500AAAC80 /* HamburgerMenu.app */;
			productType = "com.apple.product-type.application";
		};
		B1D01BCC1B1475B500AAAC80 /* HamburgerMenuTests */ = {
			isa = PBXNativeTarget;
			buildConfigurationList = B1D01BDA1B1475B500AAAC80 /* Build configuration list for PBXNativeTarget "HamburgerMenuTests" */;
			buildPhases = (
				B1D01BC91B1475B500AAAC80 /* Sources */,
				B1D01BCA1B1475B500AAAC80 /* Frameworks */,
				B1D01BCB1B1475B500AAAC80 /* Resources */,
			);
			buildRules = (
			);
			dependencies = (
				B1D01BCF1B1475B500AAAC80 /* PBXTargetDependency */,
			);
			name = HamburgerMenuTests;
			productName = HamburgerMenuTests;
			productReference = B1D01BCD1B1475B500AAAC80 /* HamburgerMenuTests.xctest */;
			productType = "com.apple.product-type.bundle.unit-test";
		};
/* End PBXNativeTarget section */

/* Begin PBXProject section */
		B1D01BB01B1475B500AAAC80 /* Project object */ = {
			isa = PBXProject;
			attributes = {
				LastUpgradeCheck = 0630;
				ORGANIZATIONNAME = Coder;
				TargetAttributes = {
					B1D01BB71B1475B500AAAC80 = {
						CreatedOnToolsVersion = 6.3.2;
					};
					B1D01BCC1B1475B500AAAC80 = {
						CreatedOnToolsVersion = 6.3.2;
						TestTargetID = B1D01BB71B1475B500AAAC80;
					};
				};
			};
			buildConfigurationList = B1D01BB31B1475B500AAAC80 /* Build configuration list for PBXProject "HamburgerMenu" */;
			compatibilityVersion = "Xcode 3.2";
			developmentRegion = English;
			hasScannedForEncodings = 0;
			knownRegions = (
				en,
				Base,
			);
			mainGroup = B1D01BAF1B1475B500AAAC80;
			productRefGroup = B1D01BB91B1475B500AAAC80 /* Products */;
			projectDirPath = "";
			projectRoot = "";
			targets = (
				B1D01BB71B1475B500AAAC80 /* HamburgerMenu */,
				B1D01BCC1B1475B500AAAC80 /* HamburgerMenuTests */,
			);
		};
/* End PBXProject section */

/* Begin PBXResourcesBuildPhase section */
		B1D01BB61B1475B500AAAC80 /* Resources */ = {
			isa = PBXResourcesBuildPhase;
			buildActionMask = 2147483647;
			files = (
				B1D01BC31B1475B500AAAC80 /* Main.storyboard in Resources */,
				B1D01BC81B1475B500AAAC80 /* LaunchScreen.xib in Resources */,
				B1D01BC51B1475B500AAAC80 /* Images.xcassets in Resources */,
			);
			runOnlyForDeploymentPostprocessing = 0;
		};
		B1D01BCB1B1475B500AAAC80 /* Resources */ = {
			isa = PBXResourcesBuildPhase;
			buildActionMask = 2147483647;
			files = (
			);
			runOnlyForDeploymentPostprocessing = 0;
		};
/* End PBXResourcesBuildPhase section */

/* Begin PBXSourcesBuildPhase section */
		B1D01BB41B1475B500AAAC80 /* Sources */ = {
			isa = PBXSourcesBuildPhase;
			buildActionMask = 2147483647;
			files = (
				B1D01BC01B1475B500AAAC80 /* ViewController.swift in Sources */,
				B1D01BBE1B1475B500AAAC80 /* AppDelegate.swift in Sources */,
				B14D61CE1B1836C2004D686D /* QuestionGroup.swift in Sources */,
				B1D01BE81B158F4500AAAC80 /* TableViewCell.swift in Sources */,
				B1F607C81B20501C00CE05CD /* SlideMenuViewController.swift in Sources */,
				B1D01BE61B158F2300AAAC80 /* TableViewController.swift in Sources */,
				B1D01BE41B158F1100AAAC80 /* MainViewController.swift in Sources */,
			);
			runOnlyForDeploymentPostprocessing = 0;
		};
		B1D01BC91B1475B500AAAC80 /* Sources */ = {
			isa = PBXSourcesBuildPhase;
			buildActionMask = 2147483647;
			files = (
				B1D01BD41B1475B500AAAC80 /* HamburgerMenuTests.swift in Sources */,
			);
			runOnlyForDeploymentPostprocessing = 0;
		};
/* End PBXSourcesBuildPhase section */

/* Begin PBXTargetDependency section */
		B1D01BCF1B1475B500AAAC80 /* PBXTargetDependency */ = {
			isa = PBXTargetDependency;
			target = B1D01BB71B1475B500AAAC80 /* HamburgerMenu */;
			targetProxy = B1D01BCE1B1475B500AAAC80 /* PBXContainerItemProxy */;
		};
/* End PBXTargetDependency section */

/* Begin PBXVariantGroup section */
		B1D01BC11B1475B500AAAC80 /* Main.storyboard */ = {
			isa = PBXVariantGroup;
			children = (
				B1D01BC21B1475B500AAAC80 /* Base */,
			);
			name = Main.storyboard;
			sourceTree = "<group>";
		};
		B1D01BC61B1475B500AAAC80 /* LaunchScreen.xib */ = {
			isa = PBXVariantGroup;
			children = (
				B1D01BC71B1475B500AAAC80 /* Base */,
			);
			name = LaunchScreen.xib;
			sourceTree = "<group>";
		};
/* End PBXVariantGroup section */

/* Begin XCBuildConfiguration section */
		B1D01BD51B1475B500AAAC80 /* Debug */ = {
			isa = XCBuildConfiguration;
			buildSettings = {
				ALWAYS_SEARCH_USER_PATHS = NO;
				CLANG_CXX_LANGUAGE_STANDARD = "gnu++0x";
				CLANG_CXX_LIBRARY = "libc++";
				CLANG_ENABLE_MODULES = YES;
				CLANG_ENABLE_OBJC_ARC = YES;
				CLANG_WARN_BOOL_CONVERSION = YES;
				CLANG_WARN_CONSTANT_CONVERSION = YES;
				CLANG_WARN_DIRECT_OBJC_ISA_USAGE = YES_ERROR;
				CLANG_WARN_EMPTY_BODY = YES;
				CLANG_WARN_ENUM_CONVERSION = YES;
				CLANG_WARN_INT_CONVERSION = YES;
				CLANG_WARN_OBJC_ROOT_CLASS = YES_ERROR;
				CLANG_WARN_UNREACHABLE_CODE = YES;
				CLANG_WARN__DUPLICATE_METHOD_MATCH = YES;
				"CODE_SIGN_IDENTITY[sdk=iphoneos*]" = "iPhone Developer";
				COPY_PHASE_STRIP = NO;
				DEBUG_INFORMATION_FORMAT = "dwarf-with-dsym";
				ENABLE_STRICT_OBJC_MSGSEND = YES;
				GCC_C_LANGUAGE_STANDARD = gnu99;
				GCC_DYNAMIC_NO_PIC = NO;
				GCC_NO_COMMON_BLOCKS = YES;
				GCC_OPTIMIZATION_LEVEL = 0;
				GCC_PREPROCESSOR_DEFINITIONS = (
					"DEBUG=1",
					"$(inherited)",
				);
				GCC_SYMBOLS_PRIVATE_EXTERN = NO;
				GCC_WARN_64_TO_32_BIT_CONVERSION = YES;
				GCC_WARN_ABOUT_RETURN_TYPE = YES_ERROR;
				GCC_WARN_UNDECLARED_SELECTOR = YES;
				GCC_WARN_UNINITIALIZED_AUTOS = YES_AGGRESSIVE;
				GCC_WARN_UNUSED_FUNCTION = YES;
				GCC_WARN_UNUSED_VARIABLE = YES;
				IPHONEOS_DEPLOYMENT_TARGET = 8.3;
				MTL_ENABLE_DEBUG_INFO = YES;
				ONLY_ACTIVE_ARCH = YES;
				SDKROOT = iphoneos;
				SWIFT_OPTIMIZATION_LEVEL = "-Onone";
			};
			name = Debug;
		};
		B1D01BD61B1475B500AAAC80 /* Release */ = {
			isa = XCBuildConfiguration;
			buildSettings = {
				ALWAYS_SEARCH_USER_PATHS = NO;
				CLANG_CXX_LANGUAGE_STANDARD = "gnu++0x";
				CLANG_CXX_LIBRARY = "libc++";
				CLANG_ENABLE_MODULES = YES;
				CLANG_ENABLE_OBJC_ARC = YES;
				CLANG_WARN_BOOL_CONVERSION = YES;
				CLANG_WARN_CONSTANT_CONVERSION = YES;
				CLANG_WARN_DIRECT_OBJC_ISA_USAGE = YES_ERROR;
				CLANG_WARN_EMPTY_BODY = YES;
				CLANG_WARN_ENUM_CONVERSION = YES;
				CLANG_WARN_INT_CONVERSION = YES;
				CLANG_WARN_OBJC_ROOT_CLASS = YES_ERROR;
				CLANG_WARN_UNREACHABLE_CODE = YES;
				CLANG_WARN__DUPLICATE_METHOD_MATCH = YES;
				"CODE_SIGN_IDENTITY[sdk=iphoneos*]" = "iPhone Developer";
				COPY_PHASE_STRIP = NO;
				DEBUG_INFORMATION_FORMAT = "dwarf-with-dsym";
				ENABLE_NS_ASSERTIONS = NO;
				ENABLE_STRICT_OBJC_MSGSEND = YES;
				GCC_C_LANGUAGE_STANDARD = gnu99;
				GCC_NO_COMMON_BLOCKS = YES;
				GCC_WARN_64_TO_32_BIT_CONVERSION = YES;
				GCC_WARN_ABOUT_RETURN_TYPE = YES_ERROR;
				GCC_WARN_UNDECLARED_SELECTOR = YES;
				GCC_WARN_UNINITIALIZED_AUTOS = YES_AGGRESSIVE;
				GCC_WARN_UNUSED_FUNCTION = YES;
				GCC_WARN_UNUSED_VARIABLE = YES;
				IPHONEOS_DEPLOYMENT_TARGET = 8.3;
				MTL_ENABLE_DEBUG_INFO = NO;
				SDKROOT = iphoneos;
				VALIDATE_PRODUCT = YES;
			};
			name = Release;
		};
		B1D01BD81B1475B500AAAC80 /* Debug */ = {
			isa = XCBuildConfiguration;
			buildSettings = {
				ASSETCATALOG_COMPILER_APPICON_NAME = AppIcon;
				INFOPLIST_FILE = HamburgerMenu/Info.plist;
				LD_RUNPATH_SEARCH_PATHS = "$(inherited) @executable_path/Frameworks";
				PRODUCT_NAME = "$(TARGET_NAME)";
				TARGETED_DEVICE_FAMILY = "1,2";
			};
			name = Debug;
		};
		B1D01BD91B1475B500AAAC80 /* Release */ = {
			isa = XCBuildConfiguration;
			buildSettings = {
				ASSETCATALOG_COMPILER_APPICON_NAME = AppIcon;
				INFOPLIST_FILE = HamburgerMenu/Info.plist;
				LD_RUNPATH_SEARCH_PATHS = "$(inherited) @executable_path/Frameworks";
				PRODUCT_NAME = "$(TARGET_NAME)";
				TARGETED_DEVICE_FAMILY = "1,2";
			};
			name = Release;
		};
		B1D01BDB1B1475B500AAAC80 /* Debug */ = {
			isa = XCBuildConfiguration;
			buildSettings = {
				BUNDLE_LOADER = "$(TEST_HOST)";
				FRAMEWORK_SEARCH_PATHS = (
					"$(SDKROOT)/Developer/Library/Frameworks",
					"$(inherited)",
				);
				GCC_PREPROCESSOR_DEFINITIONS = (
					"DEBUG=1",
					"$(inherited)",
				);
				INFOPLIST_FILE = HamburgerMenuTests/Info.plist;
				LD_RUNPATH_SEARCH_PATHS = "$(inherited) @executable_path/Frameworks @loader_path/Frameworks";
				PRODUCT_NAME = "$(TARGET_NAME)";
				TEST_HOST = "$(BUILT_PRODUCTS_DIR)/HamburgerMenu.app/HamburgerMenu";
			};
			name = Debug;
		};
		B1D01BDC1B1475B500AAAC80 /* Release */ = {
			isa = XCBuildConfiguration;
			buildSettings = {
				BUNDLE_LOADER = "$(TEST_HOST)";
				FRAMEWORK_SEARCH_PATHS = (
					"$(SDKROOT)/Developer/Library/Frameworks",
					"$(inherited)",
				);
				INFOPLIST_FILE = HamburgerMenuTests/Info.plist;
				LD_RUNPATH_SEARCH_PATHS = "$(inherited) @executable_path/Frameworks @loader_path/Frameworks";
				PRODUCT_NAME = "$(TARGET_NAME)";
				TEST_HOST = "$(BUILT_PRODUCTS_DIR)/HamburgerMenu.app/HamburgerMenu";
			};
			name = Release;
		};
/* End XCBuildConfiguration section */

/* Begin XCConfigurationList section */
		B1D01BB31B1475B500AAAC80 /* Build configuration list for PBXProject "HamburgerMenu" */ = {
			isa = XCConfigurationList;
			buildConfigurations = (
				B1D01BD51B1475B500AAAC80 /* Debug */,
				B1D01BD61B1475B500AAAC80 /* Release */,
			);
			defaultConfigurationIsVisible = 0;
			defaultConfigurationName = Release;
		};
		B1D01BD71B1475B500AAAC80 /* Build configuration list for PBXNativeTarget "HamburgerMenu" */ = {
			isa = XCConfigurationList;
			buildConfigurations = (
				B1D01BD81B1475B500AAAC80 /* Debug */,
				B1D01BD91B1475B500AAAC80 /* Release */,
			);
			defaultConfigurationIsVisible = 0;
			defaultConfigurationName = Release;
		};
		B1D01BDA1B1475B500AAAC80 /* Build configuration list for PBXNativeTarget "HamburgerMenuTests" */ = {
			isa = XCConfigurationList;
			buildConfigurations = (
				B1D01BDB1B1475B500AAAC80 /* Debug */,
				B1D01BDC1B1475B500AAAC80 /* Release */,
			);
			defaultConfigurationIsVisible = 0;
			defaultConfigurationName = Release;
		};
/* End XCConfigurationList section */
	};
	rootObject = B1D01BB01B1475B500AAAC80 /* Project object */;
}
